// !$*UTF8*$!
{
	archiveVersion = 1;
	classes = {
	};
	objectVersion = 46;
	objects = {

/* Begin PBXBuildFile section */
		1416A05B194DFFA900E0D89F /* TextFieldCell.m in Sources */ = {isa = PBXBuildFile; fileRef = 1416A05A194DFFA900E0D89F /* TextFieldCell.m */; };
		1428B4A2196077C800AD2187 /* PersistentStack.m in Sources */ = {isa = PBXBuildFile; fileRef = 1428B4A1196077C800AD2187 /* PersistentStack.m */; };
		1428B4A519607C1200AD2187 /* TripsViewControllerDataSource.m in Sources */ = {isa = PBXBuildFile; fileRef = 1428B4A419607C1200AD2187 /* TripsViewControllerDataSource.m */; };
		14314914197BEFAD00284327 /* StartDateView.m in Sources */ = {isa = PBXBuildFile; fileRef = 14314913197BEFAD00284327 /* StartDateView.m */; };
		1451C91D1983A7E1006610AE /* Crashlytics.framework in Frameworks */ = {isa = PBXBuildFile; fileRef = 1451C91C1983A7E1006610AE /* Crashlytics.framework */; };
		1470F25A1998F2F700A00301 /* TripViewController.m in Sources */ = {isa = PBXBuildFile; fileRef = 1470F2591998F2F700A00301 /* TripViewController.m */; };
		14952A6D1955E1B300B8D34A /* DateCell.m in Sources */ = {isa = PBXBuildFile; fileRef = 14952A6C1955E1B300B8D34A /* DateCell.m */; };
		1497879C19A256CD00CEDE0A /* TripCollectionHeaderView.m in Sources */ = {isa = PBXBuildFile; fileRef = 1497879B19A256CD00CEDE0A /* TripCollectionHeaderView.m */; };
		14B3D41E197F05EB00B01601 /* Podfile in Resources */ = {isa = PBXBuildFile; fileRef = 14B3D41D197F05EB00B01601 /* Podfile */; };
		14DBC0EA19BA456900989B7F /* NewEditTripDataSource.m in Sources */ = {isa = PBXBuildFile; fileRef = 14DBC0E919BA456900989B7F /* NewEditTripDataSource.m */; };
		14F74C151932465D00BA28C7 /* NewEditTripViewController.m in Sources */ = {isa = PBXBuildFile; fileRef = 14F74C141932465D00BA28C7 /* NewEditTripViewController.m */; };
		14F74C1B19324E5600BA28C7 /* NSDate+Additions.m in Sources */ = {isa = PBXBuildFile; fileRef = 14F74C1A19324E5600BA28C7 /* NSDate+Additions.m */; };
		14F74C1E19324FC900BA28C7 /* Trip.m in Sources */ = {isa = PBXBuildFile; fileRef = 14F74C1D19324FC900BA28C7 /* Trip.m */; };
		14FB15D51931F85000021E7F /* Foundation.framework in Frameworks */ = {isa = PBXBuildFile; fileRef = 14FB15D41931F85000021E7F /* Foundation.framework */; };
		14FB15D71931F85000021E7F /* CoreGraphics.framework in Frameworks */ = {isa = PBXBuildFile; fileRef = 14FB15D61931F85000021E7F /* CoreGraphics.framework */; };
		14FB15D91931F85000021E7F /* UIKit.framework in Frameworks */ = {isa = PBXBuildFile; fileRef = 14FB15D81931F85000021E7F /* UIKit.framework */; };
		14FB15DB1931F85000021E7F /* CoreData.framework in Frameworks */ = {isa = PBXBuildFile; fileRef = 14FB15DA1931F85000021E7F /* CoreData.framework */; };
		14FB15E11931F85000021E7F /* InfoPlist.strings in Resources */ = {isa = PBXBuildFile; fileRef = 14FB15DF1931F85000021E7F /* InfoPlist.strings */; };
		14FB15E31931F85000021E7F /* main.m in Sources */ = {isa = PBXBuildFile; fileRef = 14FB15E21931F85000021E7F /* main.m */; };
		14FB15E71931F85000021E7F /* AppDelegate.m in Sources */ = {isa = PBXBuildFile; fileRef = 14FB15E61931F85000021E7F /* AppDelegate.m */; };
		14FB15EA1931F85000021E7F /* Main.storyboard in Resources */ = {isa = PBXBuildFile; fileRef = 14FB15E81931F85000021E7F /* Main.storyboard */; };
		14FB15ED1931F85000021E7F /* napa.xcdatamodeld in Sources */ = {isa = PBXBuildFile; fileRef = 14FB15EB1931F85000021E7F /* napa.xcdatamodeld */; };
		14FB15F01931F85000021E7F /* TripsViewController.m in Sources */ = {isa = PBXBuildFile; fileRef = 14FB15EF1931F85000021E7F /* TripsViewController.m */; };
		14FB15F51931F85000021E7F /* Images.xcassets in Resources */ = {isa = PBXBuildFile; fileRef = 14FB15F41931F85000021E7F /* Images.xcassets */; };
		14FB15FC1931F85000021E7F /* XCTest.framework in Frameworks */ = {isa = PBXBuildFile; fileRef = 14FB15FB1931F85000021E7F /* XCTest.framework */; };
		14FB15FD1931F85000021E7F /* Foundation.framework in Frameworks */ = {isa = PBXBuildFile; fileRef = 14FB15D41931F85000021E7F /* Foundation.framework */; };
		14FB15FE1931F85000021E7F /* UIKit.framework in Frameworks */ = {isa = PBXBuildFile; fileRef = 14FB15D81931F85000021E7F /* UIKit.framework */; };
		14FB15FF1931F85000021E7F /* CoreData.framework in Frameworks */ = {isa = PBXBuildFile; fileRef = 14FB15DA1931F85000021E7F /* CoreData.framework */; };
		14FB16071931F85000021E7F /* InfoPlist.strings in Resources */ = {isa = PBXBuildFile; fileRef = 14FB16051931F85000021E7F /* InfoPlist.strings */; };
		14FB16091931F85000021E7F /* napaTests.m in Sources */ = {isa = PBXBuildFile; fileRef = 14FB16081931F85000021E7F /* napaTests.m */; };
		14FB16141931FCDD00021E7F /* TripViewCell.m in Sources */ = {isa = PBXBuildFile; fileRef = 14FB16131931FCDD00021E7F /* TripViewCell.m */; };
		14FDF36819601C4C0076021A /* .travis.yml in Resources */ = {isa = PBXBuildFile; fileRef = 14FDF36719601C4C0076021A /* .travis.yml */; };
		6A2C3B216FEC4FBF87C8C4C3 /* libPods.a in Frameworks */ = {isa = PBXBuildFile; fileRef = 8222A065D0CA41A29349AD7D /* libPods.a */; };
/* End PBXBuildFile section */

/* Begin PBXContainerItemProxy section */
		14FB16001931F85000021E7F /* PBXContainerItemProxy */ = {
			isa = PBXContainerItemProxy;
			containerPortal = 14FB15C91931F85000021E7F /* Project object */;
			proxyType = 1;
			remoteGlobalIDString = 14FB15D01931F85000021E7F;
			remoteInfo = napa;
		};
/* End PBXContainerItemProxy section */

/* Begin PBXFileReference section */
		093A0DEFA34E475582DBD702 /* Pods.xcconfig */ = {isa = PBXFileReference; includeInIndex = 1; lastKnownFileType = text.xcconfig; name = Pods.xcconfig; path = Pods/Pods.xcconfig; sourceTree = "<group>"; };
		1416A059194DFFA900E0D89F /* TextFieldCell.h */ = {isa = PBXFileReference; fileEncoding = 4; lastKnownFileType = sourcecode.c.h; path = TextFieldCell.h; sourceTree = "<group>"; };
		1416A05A194DFFA900E0D89F /* TextFieldCell.m */ = {isa = PBXFileReference; fileEncoding = 4; lastKnownFileType = sourcecode.c.objc; path = TextFieldCell.m; sourceTree = "<group>"; };
		1428B4A0196077C800AD2187 /* PersistentStack.h */ = {isa = PBXFileReference; fileEncoding = 4; lastKnownFileType = sourcecode.c.h; path = PersistentStack.h; sourceTree = "<group>"; };
		1428B4A1196077C800AD2187 /* PersistentStack.m */ = {isa = PBXFileReference; fileEncoding = 4; lastKnownFileType = sourcecode.c.objc; path = PersistentStack.m; sourceTree = "<group>"; };
		1428B4A319607C1200AD2187 /* TripsViewControllerDataSource.h */ = {isa = PBXFileReference; fileEncoding = 4; lastKnownFileType = sourcecode.c.h; path = TripsViewControllerDataSource.h; sourceTree = "<group>"; };
		1428B4A419607C1200AD2187 /* TripsViewControllerDataSource.m */ = {isa = PBXFileReference; fileEncoding = 4; lastKnownFileType = sourcecode.c.objc; path = TripsViewControllerDataSource.m; sourceTree = "<group>"; };
		14314912197BEFAD00284327 /* StartDateView.h */ = {isa = PBXFileReference; fileEncoding = 4; lastKnownFileType = sourcecode.c.h; path = StartDateView.h; sourceTree = "<group>"; };
		14314913197BEFAD00284327 /* StartDateView.m */ = {isa = PBXFileReference; fileEncoding = 4; lastKnownFileType = sourcecode.c.objc; path = StartDateView.m; sourceTree = "<group>"; };
		1451C91C1983A7E1006610AE /* Crashlytics.framework */ = {isa = PBXFileReference; lastKnownFileType = wrapper.framework; path = Crashlytics.framework; sourceTree = "<group>"; };
		1470F2581998F2F700A00301 /* TripViewController.h */ = {isa = PBXFileReference; fileEncoding = 4; lastKnownFileType = sourcecode.c.h; path = TripViewController.h; sourceTree = "<group>"; };
		1470F2591998F2F700A00301 /* TripViewController.m */ = {isa = PBXFileReference; fileEncoding = 4; lastKnownFileType = sourcecode.c.objc; path = TripViewController.m; sourceTree = "<group>"; };
		14952A6B1955E1B300B8D34A /* DateCell.h */ = {isa = PBXFileReference; fileEncoding = 4; lastKnownFileType = sourcecode.c.h; path = DateCell.h; sourceTree = "<group>"; };
		14952A6C1955E1B300B8D34A /* DateCell.m */ = {isa = PBXFileReference; fileEncoding = 4; lastKnownFileType = sourcecode.c.objc; path = DateCell.m; sourceTree = "<group>"; };
		1497879A19A256CD00CEDE0A /* TripCollectionHeaderView.h */ = {isa = PBXFileReference; fileEncoding = 4; lastKnownFileType = sourcecode.c.h; path = TripCollectionHeaderView.h; sourceTree = "<group>"; };
		1497879B19A256CD00CEDE0A /* TripCollectionHeaderView.m */ = {isa = PBXFileReference; fileEncoding = 4; lastKnownFileType = sourcecode.c.objc; path = TripCollectionHeaderView.m; sourceTree = "<group>"; };
		14B3D41D197F05EB00B01601 /* Podfile */ = {isa = PBXFileReference; fileEncoding = 4; lastKnownFileType = text; path = Podfile; sourceTree = "<group>"; };
		14DBC0E819BA456900989B7F /* NewEditTripDataSource.h */ = {isa = PBXFileReference; fileEncoding = 4; lastKnownFileType = sourcecode.c.h; path = NewEditTripDataSource.h; sourceTree = "<group>"; };
		14DBC0E919BA456900989B7F /* NewEditTripDataSource.m */ = {isa = PBXFileReference; fileEncoding = 4; lastKnownFileType = sourcecode.c.objc; path = NewEditTripDataSource.m; sourceTree = "<group>"; };
		14F74C131932465D00BA28C7 /* NewEditTripViewController.h */ = {isa = PBXFileReference; fileEncoding = 4; lastKnownFileType = sourcecode.c.h; path = NewEditTripViewController.h; sourceTree = "<group>"; };
		14F74C141932465D00BA28C7 /* NewEditTripViewController.m */ = {isa = PBXFileReference; fileEncoding = 4; lastKnownFileType = sourcecode.c.objc; path = NewEditTripViewController.m; sourceTree = "<group>"; };
		14F74C1919324E5600BA28C7 /* NSDate+Additions.h */ = {isa = PBXFileReference; fileEncoding = 4; lastKnownFileType = sourcecode.c.h; path = "NSDate+Additions.h"; sourceTree = "<group>"; };
		14F74C1A19324E5600BA28C7 /* NSDate+Additions.m */ = {isa = PBXFileReference; fileEncoding = 4; lastKnownFileType = sourcecode.c.objc; path = "NSDate+Additions.m"; sourceTree = "<group>"; };
		14F74C1C19324FC900BA28C7 /* Trip.h */ = {isa = PBXFileReference; fileEncoding = 4; lastKnownFileType = sourcecode.c.h; path = Trip.h; sourceTree = "<group>"; };
		14F74C1D19324FC900BA28C7 /* Trip.m */ = {isa = PBXFileReference; fileEncoding = 4; lastKnownFileType = sourcecode.c.objc; path = Trip.m; sourceTree = "<group>"; };
		14FB15D11931F85000021E7F /* napa.app */ = {isa = PBXFileReference; explicitFileType = wrapper.application; includeInIndex = 0; path = napa.app; sourceTree = BUILT_PRODUCTS_DIR; };
		14FB15D41931F85000021E7F /* Foundation.framework */ = {isa = PBXFileReference; lastKnownFileType = wrapper.framework; name = Foundation.framework; path = System/Library/Frameworks/Foundation.framework; sourceTree = SDKROOT; };
		14FB15D61931F85000021E7F /* CoreGraphics.framework */ = {isa = PBXFileReference; lastKnownFileType = wrapper.framework; name = CoreGraphics.framework; path = System/Library/Frameworks/CoreGraphics.framework; sourceTree = SDKROOT; };
		14FB15D81931F85000021E7F /* UIKit.framework */ = {isa = PBXFileReference; lastKnownFileType = wrapper.framework; name = UIKit.framework; path = System/Library/Frameworks/UIKit.framework; sourceTree = SDKROOT; };
		14FB15DA1931F85000021E7F /* CoreData.framework */ = {isa = PBXFileReference; lastKnownFileType = wrapper.framework; name = CoreData.framework; path = System/Library/Frameworks/CoreData.framework; sourceTree = SDKROOT; };
		14FB15DE1931F85000021E7F /* napa-Info.plist */ = {isa = PBXFileReference; lastKnownFileType = text.plist.xml; path = "napa-Info.plist"; sourceTree = "<group>"; };
		14FB15E01931F85000021E7F /* en */ = {isa = PBXFileReference; lastKnownFileType = text.plist.strings; name = en; path = en.lproj/InfoPlist.strings; sourceTree = "<group>"; };
		14FB15E21931F85000021E7F /* main.m */ = {isa = PBXFileReference; lastKnownFileType = sourcecode.c.objc; path = main.m; sourceTree = "<group>"; };
		14FB15E41931F85000021E7F /* napa-Prefix.pch */ = {isa = PBXFileReference; lastKnownFileType = sourcecode.c.h; path = "napa-Prefix.pch"; sourceTree = "<group>"; };
		14FB15E51931F85000021E7F /* AppDelegate.h */ = {isa = PBXFileReference; lastKnownFileType = sourcecode.c.h; path = AppDelegate.h; sourceTree = "<group>"; };
		14FB15E61931F85000021E7F /* AppDelegate.m */ = {isa = PBXFileReference; lastKnownFileType = sourcecode.c.objc; path = AppDelegate.m; sourceTree = "<group>"; };
		14FB15E91931F85000021E7F /* Base */ = {isa = PBXFileReference; lastKnownFileType = file.storyboard; name = Base; path = Base.lproj/Main.storyboard; sourceTree = "<group>"; };
		14FB15EC1931F85000021E7F /* napa.xcdatamodel */ = {isa = PBXFileReference; lastKnownFileType = wrapper.xcdatamodel; path = napa.xcdatamodel; sourceTree = "<group>"; };
		14FB15EE1931F85000021E7F /* TripsViewController.h */ = {isa = PBXFileReference; lastKnownFileType = sourcecode.c.h; path = TripsViewController.h; sourceTree = "<group>"; };
		14FB15EF1931F85000021E7F /* TripsViewController.m */ = {isa = PBXFileReference; lastKnownFileType = sourcecode.c.objc; path = TripsViewController.m; sourceTree = "<group>"; };
		14FB15F41931F85000021E7F /* Images.xcassets */ = {isa = PBXFileReference; lastKnownFileType = folder.assetcatalog; path = Images.xcassets; sourceTree = "<group>"; };
		14FB15FA1931F85000021E7F /* napaTests.xctest */ = {isa = PBXFileReference; explicitFileType = wrapper.cfbundle; includeInIndex = 0; path = napaTests.xctest; sourceTree = BUILT_PRODUCTS_DIR; };
		14FB15FB1931F85000021E7F /* XCTest.framework */ = {isa = PBXFileReference; lastKnownFileType = wrapper.framework; name = XCTest.framework; path = Library/Frameworks/XCTest.framework; sourceTree = DEVELOPER_DIR; };
		14FB16041931F85000021E7F /* napaTests-Info.plist */ = {isa = PBXFileReference; lastKnownFileType = text.plist.xml; path = "napaTests-Info.plist"; sourceTree = "<group>"; };
		14FB16061931F85000021E7F /* en */ = {isa = PBXFileReference; lastKnownFileType = text.plist.strings; name = en; path = en.lproj/InfoPlist.strings; sourceTree = "<group>"; };
		14FB16081931F85000021E7F /* napaTests.m */ = {isa = PBXFileReference; lastKnownFileType = sourcecode.c.objc; path = napaTests.m; sourceTree = "<group>"; };
		14FB16121931FCDD00021E7F /* TripViewCell.h */ = {isa = PBXFileReference; fileEncoding = 4; lastKnownFileType = sourcecode.c.h; path = TripViewCell.h; sourceTree = "<group>"; };
		14FB16131931FCDD00021E7F /* TripViewCell.m */ = {isa = PBXFileReference; fileEncoding = 4; lastKnownFileType = sourcecode.c.objc; path = TripViewCell.m; sourceTree = "<group>"; };
		14FDF36719601C4C0076021A /* .travis.yml */ = {isa = PBXFileReference; fileEncoding = 4; lastKnownFileType = text; path = .travis.yml; sourceTree = SOURCE_ROOT; };
		8222A065D0CA41A29349AD7D /* libPods.a */ = {isa = PBXFileReference; explicitFileType = archive.ar; includeInIndex = 0; path = libPods.a; sourceTree = BUILT_PRODUCTS_DIR; };
/* End PBXFileReference section */

/* Begin PBXFrameworksBuildPhase section */
		14FB15CE1931F85000021E7F /* Frameworks */ = {
			isa = PBXFrameworksBuildPhase;
			buildActionMask = 2147483647;
			files = (
				14FB15D71931F85000021E7F /* CoreGraphics.framework in Frameworks */,
				14FB15DB1931F85000021E7F /* CoreData.framework in Frameworks */,
				14FB15D91931F85000021E7F /* UIKit.framework in Frameworks */,
				14FB15D51931F85000021E7F /* Foundation.framework in Frameworks */,
				1451C91D1983A7E1006610AE /* Crashlytics.framework in Frameworks */,
				6A2C3B216FEC4FBF87C8C4C3 /* libPods.a in Frameworks */,
			);
			runOnlyForDeploymentPostprocessing = 0;
		};
		14FB15F71931F85000021E7F /* Frameworks */ = {
			isa = PBXFrameworksBuildPhase;
			buildActionMask = 2147483647;
			files = (
				14FB15FC1931F85000021E7F /* XCTest.framework in Frameworks */,
				14FB15FF1931F85000021E7F /* CoreData.framework in Frameworks */,
				14FB15FE1931F85000021E7F /* UIKit.framework in Frameworks */,
				14FB15FD1931F85000021E7F /* Foundation.framework in Frameworks */,
			);
			runOnlyForDeploymentPostprocessing = 0;
		};
/* End PBXFrameworksBuildPhase section */

/* Begin PBXGroup section */
		1470F25B1998F75900A00301 /* New - Edit Trip */ = {
			isa = PBXGroup;
			children = (
				1416A059194DFFA900E0D89F /* TextFieldCell.h */,
				1416A05A194DFFA900E0D89F /* TextFieldCell.m */,
				14F74C1919324E5600BA28C7 /* NSDate+Additions.h */,
				14F74C1A19324E5600BA28C7 /* NSDate+Additions.m */,
				14F74C131932465D00BA28C7 /* NewEditTripViewController.h */,
				14F74C141932465D00BA28C7 /* NewEditTripViewController.m */,
				14DBC0E819BA456900989B7F /* NewEditTripDataSource.h */,
				14DBC0E919BA456900989B7F /* NewEditTripDataSource.m */,
			);
			name = "New - Edit Trip";
			sourceTree = "<group>";
		};
		1470F25C1998F77C00A00301 /* Trip */ = {
			isa = PBXGroup;
			children = (
				1470F2581998F2F700A00301 /* TripViewController.h */,
				1470F2591998F2F700A00301 /* TripViewController.m */,
			);
			name = Trip;
			sourceTree = "<group>";
		};
		1470F25D1998F78300A00301 /* Trips */ = {
			isa = PBXGroup;
			children = (
				14952A6B1955E1B300B8D34A /* DateCell.h */,
				14952A6C1955E1B300B8D34A /* DateCell.m */,
				14FB15EE1931F85000021E7F /* TripsViewController.h */,
				14FB15EF1931F85000021E7F /* TripsViewController.m */,
				14FB16121931FCDD00021E7F /* TripViewCell.h */,
				14FB16131931FCDD00021E7F /* TripViewCell.m */,
				1428B4A319607C1200AD2187 /* TripsViewControllerDataSource.h */,
				1428B4A419607C1200AD2187 /* TripsViewControllerDataSource.m */,
				14314912197BEFAD00284327 /* StartDateView.h */,
				14314913197BEFAD00284327 /* StartDateView.m */,
				1497879A19A256CD00CEDE0A /* TripCollectionHeaderView.h */,
				1497879B19A256CD00CEDE0A /* TripCollectionHeaderView.m */,
			);
			name = Trips;
			sourceTree = "<group>";
		};
		1470F25E1998F7E300A00301 /* Model */ = {
			isa = PBXGroup;
			children = (
				14F74C1C19324FC900BA28C7 /* Trip.h */,
				14F74C1D19324FC900BA28C7 /* Trip.m */,
				1428B4A0196077C800AD2187 /* PersistentStack.h */,
				1428B4A1196077C800AD2187 /* PersistentStack.m */,
			);
			name = Model;
			sourceTree = "<group>";
		};
		14FB15C81931F85000021E7F = {
			isa = PBXGroup;
			children = (
				14B3D41D197F05EB00B01601 /* Podfile */,
				14FDF36719601C4C0076021A /* .travis.yml */,
				14FB15DC1931F85000021E7F /* napa */,
				14FB16021931F85000021E7F /* napaTests */,
				14FB15D31931F85000021E7F /* Frameworks */,
				14FB15D21931F85000021E7F /* Products */,
				093A0DEFA34E475582DBD702 /* Pods.xcconfig */,
			);
			sourceTree = "<group>";
		};
		14FB15D21931F85000021E7F /* Products */ = {
			isa = PBXGroup;
			children = (
				14FB15D11931F85000021E7F /* napa.app */,
				14FB15FA1931F85000021E7F /* napaTests.xctest */,
			);
			name = Products;
			sourceTree = "<group>";
		};
		14FB15D31931F85000021E7F /* Frameworks */ = {
			isa = PBXGroup;
			children = (
				1451C91C1983A7E1006610AE /* Crashlytics.framework */,
				14FB15D41931F85000021E7F /* Foundation.framework */,
				14FB15D61931F85000021E7F /* CoreGraphics.framework */,
				14FB15D81931F85000021E7F /* UIKit.framework */,
				14FB15DA1931F85000021E7F /* CoreData.framework */,
				14FB15FB1931F85000021E7F /* XCTest.framework */,
				8222A065D0CA41A29349AD7D /* libPods.a */,
			);
			name = Frameworks;
			sourceTree = "<group>";
		};
		14FB15DC1931F85000021E7F /* napa */ = {
			isa = PBXGroup;
			children = (
				14FB16151931FD0E00021E7F /* Classes */,
				14FB15E81931F85000021E7F /* Main.storyboard */,
				14FB15F41931F85000021E7F /* Images.xcassets */,
				14FB15EB1931F85000021E7F /* napa.xcdatamodeld */,
				14FB15DD1931F85000021E7F /* Supporting Files */,
			);
			path = napa;
			sourceTree = "<group>";
		};
		14FB15DD1931F85000021E7F /* Supporting Files */ = {
			isa = PBXGroup;
			children = (
				14FB15DE1931F85000021E7F /* napa-Info.plist */,
				14FB15DF1931F85000021E7F /* InfoPlist.strings */,
				14FB15E21931F85000021E7F /* main.m */,
				14FB15E41931F85000021E7F /* napa-Prefix.pch */,
			);
			name = "Supporting Files";
			sourceTree = "<group>";
		};
		14FB16021931F85000021E7F /* napaTests */ = {
			isa = PBXGroup;
			children = (
				14FB16081931F85000021E7F /* napaTests.m */,
				14FB16031931F85000021E7F /* Supporting Files */,
			);
			path = napaTests;
			sourceTree = "<group>";
		};
		14FB16031931F85000021E7F /* Supporting Files */ = {
			isa = PBXGroup;
			children = (
				14FB16041931F85000021E7F /* napaTests-Info.plist */,
				14FB16051931F85000021E7F /* InfoPlist.strings */,
			);
			name = "Supporting Files";
			sourceTree = "<group>";
		};
		14FB16151931FD0E00021E7F /* Classes */ = {
			isa = PBXGroup;
			children = (
				1470F25E1998F7E300A00301 /* Model */,
				1470F25D1998F78300A00301 /* Trips */,
				1470F25C1998F77C00A00301 /* Trip */,
				1470F25B1998F75900A00301 /* New - Edit Trip */,
				14FB15E51931F85000021E7F /* AppDelegate.h */,
				14FB15E61931F85000021E7F /* AppDelegate.m */,
			);
			name = Classes;
			sourceTree = "<group>";
		};
/* End PBXGroup section */

/* Begin PBXNativeTarget section */
		14FB15D01931F85000021E7F /* napa */ = {
			isa = PBXNativeTarget;
			buildConfigurationList = 14FB160C1931F85000021E7F /* Build configuration list for PBXNativeTarget "napa" */;
			buildPhases = (
				4FC58F0E2B3B4F68AF45BD72 /* Check Pods Manifest.lock */,
				14FB15CD1931F85000021E7F /* Sources */,
				14FB15CE1931F85000021E7F /* Frameworks */,
				14FB15CF1931F85000021E7F /* Resources */,
				4AA3BC1A14C34A66B77F268D /* Copy Pods Resources */,
				1451C91B1983A78F006610AE /* ShellScript */,
			);
			buildRules = (
			);
			dependencies = (
			);
			name = napa;
			productName = napa;
			productReference = 14FB15D11931F85000021E7F /* napa.app */;
			productType = "com.apple.product-type.application";
		};
		14FB15F91931F85000021E7F /* napaTests */ = {
			isa = PBXNativeTarget;
			buildConfigurationList = 14FB160F1931F85000021E7F /* Build configuration list for PBXNativeTarget "napaTests" */;
			buildPhases = (
				14FB15F61931F85000021E7F /* Sources */,
				14FB15F71931F85000021E7F /* Frameworks */,
				14FB15F81931F85000021E7F /* Resources */,
			);
			buildRules = (
			);
			dependencies = (
				14FB16011931F85000021E7F /* PBXTargetDependency */,
			);
			name = napaTests;
			productName = napaTests;
			productReference = 14FB15FA1931F85000021E7F /* napaTests.xctest */;
			productType = "com.apple.product-type.bundle.unit-test";
		};
/* End PBXNativeTarget section */

/* Begin PBXProject section */
		14FB15C91931F85000021E7F /* Project object */ = {
			isa = PBXProject;
			attributes = {
				LastUpgradeCheck = 0510;
				ORGANIZATIONNAME = "Remy Jourde";
				TargetAttributes = {
					14FB15F91931F85000021E7F = {
						TestTargetID = 14FB15D01931F85000021E7F;
					};
				};
			};
			buildConfigurationList = 14FB15CC1931F85000021E7F /* Build configuration list for PBXProject "napa" */;
			compatibilityVersion = "Xcode 3.2";
			developmentRegion = English;
			hasScannedForEncodings = 0;
			knownRegions = (
				en,
				Base,
			);
			mainGroup = 14FB15C81931F85000021E7F;
			productRefGroup = 14FB15D21931F85000021E7F /* Products */;
			projectDirPath = "";
			projectRoot = "";
			targets = (
				14FB15D01931F85000021E7F /* napa */,
				14FB15F91931F85000021E7F /* napaTests */,
			);
		};
/* End PBXProject section */

/* Begin PBXResourcesBuildPhase section */
		14FB15CF1931F85000021E7F /* Resources */ = {
			isa = PBXResourcesBuildPhase;
			buildActionMask = 2147483647;
			files = (
				14B3D41E197F05EB00B01601 /* Podfile in Resources */,
				14FB15F51931F85000021E7F /* Images.xcassets in Resources */,
				14FB15E11931F85000021E7F /* InfoPlist.strings in Resources */,
				14FDF36819601C4C0076021A /* .travis.yml in Resources */,
				14FB15EA1931F85000021E7F /* Main.storyboard in Resources */,
			);
			runOnlyForDeploymentPostprocessing = 0;
		};
		14FB15F81931F85000021E7F /* Resources */ = {
			isa = PBXResourcesBuildPhase;
			buildActionMask = 2147483647;
			files = (
				14FB16071931F85000021E7F /* InfoPlist.strings in Resources */,
			);
			runOnlyForDeploymentPostprocessing = 0;
		};
/* End PBXResourcesBuildPhase section */

/* Begin PBXShellScriptBuildPhase section */
		1451C91B1983A78F006610AE /* ShellScript */ = {
			isa = PBXShellScriptBuildPhase;
			buildActionMask = 2147483647;
			files = (
			);
			inputPaths = (
			);
			outputPaths = (
			);
			runOnlyForDeploymentPostprocessing = 0;
			shellPath = /bin/sh;
			shellScript = "./Crashlytics.framework/run 4085d67bba35160ce0438f0ad3b251a9eee8334d fd341f20e4ac938687d300b9c06c6c2d19e2fdd0abd4eba33fb42a133a178ce1";
		};
		4AA3BC1A14C34A66B77F268D /* Copy Pods Resources */ = {
			isa = PBXShellScriptBuildPhase;
			buildActionMask = 2147483647;
			files = (
			);
			inputPaths = (
			);
			name = "Copy Pods Resources";
			outputPaths = (
			);
			runOnlyForDeploymentPostprocessing = 0;
			shellPath = /bin/sh;
			shellScript = "\"${SRCROOT}/Pods/Pods-resources.sh\"\n";
			showEnvVarsInLog = 0;
		};
		4FC58F0E2B3B4F68AF45BD72 /* Check Pods Manifest.lock */ = {
			isa = PBXShellScriptBuildPhase;
			buildActionMask = 2147483647;
			files = (
			);
			inputPaths = (
			);
			name = "Check Pods Manifest.lock";
			outputPaths = (
			);
			runOnlyForDeploymentPostprocessing = 0;
			shellPath = /bin/sh;
			shellScript = "diff \"${PODS_ROOT}/../Podfile.lock\" \"${PODS_ROOT}/Manifest.lock\" > /dev/null\nif [[ $? != 0 ]] ; then\n    cat << EOM\nerror: The sandbox is not in sync with the Podfile.lock. Run 'pod install' or update your CocoaPods installation.\nEOM\n    exit 1\nfi\n";
			showEnvVarsInLog = 0;
		};
/* End PBXShellScriptBuildPhase section */

/* Begin PBXSourcesBuildPhase section */
		14FB15CD1931F85000021E7F /* Sources */ = {
			isa = PBXSourcesBuildPhase;
			buildActionMask = 2147483647;
			files = (
				14F74C1B19324E5600BA28C7 /* NSDate+Additions.m in Sources */,
				14FB15F01931F85000021E7F /* TripsViewController.m in Sources */,
				1428B4A2196077C800AD2187 /* PersistentStack.m in Sources */,
				1428B4A519607C1200AD2187 /* TripsViewControllerDataSource.m in Sources */,
				14FB15ED1931F85000021E7F /* napa.xcdatamodeld in Sources */,
				14FB15E71931F85000021E7F /* AppDelegate.m in Sources */,
				1416A05B194DFFA900E0D89F /* TextFieldCell.m in Sources */,
				14FB15E31931F85000021E7F /* main.m in Sources */,
				14314914197BEFAD00284327 /* StartDateView.m in Sources */,
				14DBC0EA19BA456900989B7F /* NewEditTripDataSource.m in Sources */,
				14952A6D1955E1B300B8D34A /* DateCell.m in Sources */,
				14FB16141931FCDD00021E7F /* TripViewCell.m in Sources */,
				1470F25A1998F2F700A00301 /* TripViewController.m in Sources */,
				14F74C151932465D00BA28C7 /* NewEditTripViewController.m in Sources */,
				14F74C1E19324FC900BA28C7 /* Trip.m in Sources */,
				1497879C19A256CD00CEDE0A /* TripCollectionHeaderView.m in Sources */,
			);
			runOnlyForDeploymentPostprocessing = 0;
		};
		14FB15F61931F85000021E7F /* Sources */ = {
			isa = PBXSourcesBuildPhase;
			buildActionMask = 2147483647;
			files = (
				14FB16091931F85000021E7F /* napaTests.m in Sources */,
			);
			runOnlyForDeploymentPostprocessing = 0;
		};
/* End PBXSourcesBuildPhase section */

/* Begin PBXTargetDependency section */
		14FB16011931F85000021E7F /* PBXTargetDependency */ = {
			isa = PBXTargetDependency;
			target = 14FB15D01931F85000021E7F /* napa */;
			targetProxy = 14FB16001931F85000021E7F /* PBXContainerItemProxy */;
		};
/* End PBXTargetDependency section */

/* Begin PBXVariantGroup section */
		14FB15DF1931F85000021E7F /* InfoPlist.strings */ = {
			isa = PBXVariantGroup;
			children = (
				14FB15E01931F85000021E7F /* en */,
			);
			name = InfoPlist.strings;
			sourceTree = "<group>";
		};
		14FB15E81931F85000021E7F /* Main.storyboard */ = {
			isa = PBXVariantGroup;
			children = (
				14FB15E91931F85000021E7F /* Base */,
			);
			name = Main.storyboard;
			sourceTree = "<group>";
		};
		14FB16051931F85000021E7F /* InfoPlist.strings */ = {
			isa = PBXVariantGroup;
			children = (
				14FB16061931F85000021E7F /* en */,
			);
			name = InfoPlist.strings;
			sourceTree = "<group>";
		};
/* End PBXVariantGroup section */

/* Begin XCBuildConfiguration section */
		14FB160A1931F85000021E7F /* Debug */ = {
			isa = XCBuildConfiguration;
			buildSettings = {
				ALWAYS_SEARCH_USER_PATHS = NO;
				CLANG_CXX_LANGUAGE_STANDARD = "gnu++0x";
				CLANG_CXX_LIBRARY = "libc++";
				CLANG_ENABLE_MODULES = YES;
				CLANG_ENABLE_OBJC_ARC = YES;
				CLANG_WARN_BOOL_CONVERSION = YES;
				CLANG_WARN_CONSTANT_CONVERSION = YES;
				CLANG_WARN_DIRECT_OBJC_ISA_USAGE = YES_ERROR;
				CLANG_WARN_EMPTY_BODY = YES;
				CLANG_WARN_ENUM_CONVERSION = YES;
				CLANG_WARN_INT_CONVERSION = YES;
				CLANG_WARN_OBJC_ROOT_CLASS = YES_ERROR;
				CLANG_WARN__DUPLICATE_METHOD_MATCH = YES;
				"CODE_SIGN_IDENTITY[sdk=iphoneos*]" = "iPhone Developer";
				COPY_PHASE_STRIP = NO;
				GCC_C_LANGUAGE_STANDARD = gnu99;
				GCC_DYNAMIC_NO_PIC = NO;
				GCC_OPTIMIZATION_LEVEL = 0;
				GCC_PREPROCESSOR_DEFINITIONS = (
					"DEBUG=1",
					"$(inherited)",
				);
				GCC_SYMBOLS_PRIVATE_EXTERN = NO;
				GCC_WARN_64_TO_32_BIT_CONVERSION = YES;
				GCC_WARN_ABOUT_RETURN_TYPE = YES_ERROR;
				GCC_WARN_UNDECLARED_SELECTOR = YES;
				GCC_WARN_UNINITIALIZED_AUTOS = YES_AGGRESSIVE;
				GCC_WARN_UNUSED_FUNCTION = YES;
				GCC_WARN_UNUSED_VARIABLE = YES;
				IPHONEOS_DEPLOYMENT_TARGET = 7.1;
				ONLY_ACTIVE_ARCH = YES;
				SDKROOT = iphoneos;
			};
			name = Debug;
		};
		14FB160B1931F85000021E7F /* Release */ = {
			isa = XCBuildConfiguration;
			buildSettings = {
				ALWAYS_SEARCH_USER_PATHS = NO;
				CLANG_CXX_LANGUAGE_STANDARD = "gnu++0x";
				CLANG_CXX_LIBRARY = "libc++";
				CLANG_ENABLE_MODULES = YES;
				CLANG_ENABLE_OBJC_ARC = YES;
				CLANG_WARN_BOOL_CONVERSION = YES;
				CLANG_WARN_CONSTANT_CONVERSION = YES;
				CLANG_WARN_DIRECT_OBJC_ISA_USAGE = YES_ERROR;
				CLANG_WARN_EMPTY_BODY = YES;
				CLANG_WARN_ENUM_CONVERSION = YES;
				CLANG_WARN_INT_CONVERSION = YES;
				CLANG_WARN_OBJC_ROOT_CLASS = YES_ERROR;
				CLANG_WARN__DUPLICATE_METHOD_MATCH = YES;
				"CODE_SIGN_IDENTITY[sdk=iphoneos*]" = "iPhone Developer";
				COPY_PHASE_STRIP = YES;
				ENABLE_NS_ASSERTIONS = NO;
				GCC_C_LANGUAGE_STANDARD = gnu99;
				GCC_WARN_64_TO_32_BIT_CONVERSION = YES;
				GCC_WARN_ABOUT_RETURN_TYPE = YES_ERROR;
				GCC_WARN_UNDECLARED_SELECTOR = YES;
				GCC_WARN_UNINITIALIZED_AUTOS = YES_AGGRESSIVE;
				GCC_WARN_UNUSED_FUNCTION = YES;
				GCC_WARN_UNUSED_VARIABLE = YES;
				IPHONEOS_DEPLOYMENT_TARGET = 7.1;
				SDKROOT = iphoneos;
				VALIDATE_PRODUCT = YES;
			};
			name = Release;
		};
		14FB160D1931F85000021E7F /* Debug */ = {
			isa = XCBuildConfiguration;
			baseConfigurationReference = 093A0DEFA34E475582DBD702 /* Pods.xcconfig */;
			buildSettings = {
				ASSETCATALOG_COMPILER_APPICON_NAME = AppIcon;
				ASSETCATALOG_COMPILER_LAUNCHIMAGE_NAME = LaunchImage;
				FRAMEWORK_SEARCH_PATHS = (
					"$(inherited)",
					"$(PROJECT_DIR)",
				);
				GCC_PRECOMPILE_PREFIX_HEADER = YES;
				GCC_PREFIX_HEADER = "napa/napa-Prefix.pch";
				INFOPLIST_FILE = "napa/napa-Info.plist";
				PRODUCT_NAME = "$(TARGET_NAME)";
				WRAPPER_EXTENSION = app;
			};
			name = Debug;
		};
		14FB160E1931F85000021E7F /* Release */ = {
			isa = XCBuildConfiguration;
			baseConfigurationReference = 093A0DEFA34E475582DBD702 /* Pods.xcconfig */;
			buildSettings = {
				ASSETCATALOG_COMPILER_APPICON_NAME = AppIcon;
				ASSETCATALOG_COMPILER_LAUNCHIMAGE_NAME = LaunchImage;
				FRAMEWORK_SEARCH_PATHS = (
					"$(inherited)",
					"$(PROJECT_DIR)",
				);
				GCC_PRECOMPILE_PREFIX_HEADER = YES;
				GCC_PREFIX_HEADER = "napa/napa-Prefix.pch";
				INFOPLIST_FILE = "napa/napa-Info.plist";
				PRODUCT_NAME = "$(TARGET_NAME)";
				WRAPPER_EXTENSION = app;
			};
			name = Release;
		};
		14FB16101931F85000021E7F /* Debug */ = {
			isa = XCBuildConfiguration;
			buildSettings = {
				BUNDLE_LOADER = "$(BUILT_PRODUCTS_DIR)/napa.app/napa";
				FRAMEWORK_SEARCH_PATHS = (
					"$(SDKROOT)/Developer/Library/Frameworks",
					"$(inherited)",
					"$(DEVELOPER_FRAMEWORKS_DIR)",
				);
				GCC_PRECOMPILE_PREFIX_HEADER = YES;
				GCC_PREFIX_HEADER = "napa/napa-Prefix.pch";
				GCC_PREPROCESSOR_DEFINITIONS = (
					"DEBUG=1",
					"$(inherited)",
				);
				INFOPLIST_FILE = "napaTests/napaTests-Info.plist";
				PRODUCT_NAME = "$(TARGET_NAME)";
				TEST_HOST = "$(BUNDLE_LOADER)";
				WRAPPER_EXTENSION = xctest;
			};
			name = Debug;
		};
		14FB16111931F85000021E7F /* Release */ = {
			isa = XCBuildConfiguration;
			buildSettings = {
				BUNDLE_LOADER = "$(BUILT_PRODUCTS_DIR)/napa.app/napa";
				FRAMEWORK_SEARCH_PATHS = (
					"$(SDKROOT)/Developer/Library/Frameworks",
					"$(inherited)",
					"$(DEVELOPER_FRAMEWORKS_DIR)",
				);
				GCC_PRECOMPILE_PREFIX_HEADER = YES;
				GCC_PREFIX_HEADER = "napa/napa-Prefix.pch";
				INFOPLIST_FILE = "napaTests/napaTests-Info.plist";
				PRODUCT_NAME = "$(TARGET_NAME)";
				TEST_HOST = "$(BUNDLE_LOADER)";
				WRAPPER_EXTENSION = xctest;
			};
			name = Release;
		};
/* End XCBuildConfiguration section */

/* Begin XCConfigurationList section */
		14FB15CC1931F85000021E7F /* Build configuration list for PBXProject "napa" */ = {
			isa = XCConfigurationList;
			buildConfigurations = (
				14FB160A1931F85000021E7F /* Debug */,
				14FB160B1931F85000021E7F /* Release */,
			);
			defaultConfigurationIsVisible = 0;
			defaultConfigurationName = Release;
		};
		14FB160C1931F85000021E7F /* Build configuration list for PBXNativeTarget "napa" */ = {
			isa = XCConfigurationList;
			buildConfigurations = (
				14FB160D1931F85000021E7F /* Debug */,
				14FB160E1931F85000021E7F /* Release */,
			);
			defaultConfigurationIsVisible = 0;
			defaultConfigurationName = Release;
		};
		14FB160F1931F85000021E7F /* Build configuration list for PBXNativeTarget "napaTests" */ = {
			isa = XCConfigurationList;
			buildConfigurations = (
				14FB16101931F85000021E7F /* Debug */,
				14FB16111931F85000021E7F /* Release */,
			);
			defaultConfigurationIsVisible = 0;
			defaultConfigurationName = Release;
		};
/* End XCConfigurationList section */

/* Begin XCVersionGroup section */
		14FB15EB1931F85000021E7F /* napa.xcdatamodeld */ = {
			isa = XCVersionGroup;
			children = (
				14FB15EC1931F85000021E7F /* napa.xcdatamodel */,
			);
			currentVersion = 14FB15EC1931F85000021E7F /* napa.xcdatamodel */;
			path = napa.xcdatamodeld;
			sourceTree = "<group>";
			versionGroupType = wrapper.xcdatamodel;
		};
/* End XCVersionGroup section */
	};
	rootObject = 14FB15C91931F85000021E7F /* Project object */;
}
