// !$*UTF8*$!
{
	archiveVersion = 1;
	classes = {
	};
	objectVersion = 46;
	objects = {

/* Begin PBXBuildFile section */
		142FB19A1A18FAF500A7051A /* OverlayView.swift in Sources */ = {isa = PBXBuildFile; fileRef = 142FB1991A18FAF500A7051A /* OverlayView.swift */; };
		144DD0891A110CC300A9773A /* MapViewController.swift in Sources */ = {isa = PBXBuildFile; fileRef = 144DD0881A110CC300A9773A /* MapViewController.swift */; };
		1451C91D1983A7E1006610AE /* Crashlytics.framework in Frameworks */ = {isa = PBXBuildFile; fileRef = 1451C91C1983A7E1006610AE /* Crashlytics.framework */; };
		146F73D01A0FC84800C3811B /* EmptyStateView.swift in Sources */ = {isa = PBXBuildFile; fileRef = 146F73CF1A0FC84800C3811B /* EmptyStateView.swift */; };
		146F73D31A0FC91300C3811B /* TripDigestsViewController.swift in Sources */ = {isa = PBXBuildFile; fileRef = 146F73D21A0FC91300C3811B /* TripDigestsViewController.swift */; };
		146F73D91A0FD62600C3811B /* TripDigestCell.swift in Sources */ = {isa = PBXBuildFile; fileRef = 146F73D81A0FD62600C3811B /* TripDigestCell.swift */; };
		14AB5EDA19D9EA8F00E74649 /* AppDelegate.swift in Sources */ = {isa = PBXBuildFile; fileRef = 14AB5ED919D9EA8F00E74649 /* AppDelegate.swift */; };
		14B3D41E197F05EB00B01601 /* Podfile in Resources */ = {isa = PBXBuildFile; fileRef = 14B3D41D197F05EB00B01601 /* Podfile */; };
		14FB15D51931F85000021E7F /* Foundation.framework in Frameworks */ = {isa = PBXBuildFile; fileRef = 14FB15D41931F85000021E7F /* Foundation.framework */; };
		14FB15D71931F85000021E7F /* CoreGraphics.framework in Frameworks */ = {isa = PBXBuildFile; fileRef = 14FB15D61931F85000021E7F /* CoreGraphics.framework */; };
		14FB15D91931F85000021E7F /* UIKit.framework in Frameworks */ = {isa = PBXBuildFile; fileRef = 14FB15D81931F85000021E7F /* UIKit.framework */; };
		14FB15DB1931F85000021E7F /* CoreData.framework in Frameworks */ = {isa = PBXBuildFile; fileRef = 14FB15DA1931F85000021E7F /* CoreData.framework */; };
		14FB15EA1931F85000021E7F /* Main.storyboard in Resources */ = {isa = PBXBuildFile; fileRef = 14FB15E81931F85000021E7F /* Main.storyboard */; };
		14FB15F51931F85000021E7F /* Images.xcassets in Resources */ = {isa = PBXBuildFile; fileRef = 14FB15F41931F85000021E7F /* Images.xcassets */; };
		14FB15FC1931F85000021E7F /* XCTest.framework in Frameworks */ = {isa = PBXBuildFile; fileRef = 14FB15FB1931F85000021E7F /* XCTest.framework */; };
		14FB15FD1931F85000021E7F /* Foundation.framework in Frameworks */ = {isa = PBXBuildFile; fileRef = 14FB15D41931F85000021E7F /* Foundation.framework */; };
		14FB15FE1931F85000021E7F /* UIKit.framework in Frameworks */ = {isa = PBXBuildFile; fileRef = 14FB15D81931F85000021E7F /* UIKit.framework */; };
		14FB15FF1931F85000021E7F /* CoreData.framework in Frameworks */ = {isa = PBXBuildFile; fileRef = 14FB15DA1931F85000021E7F /* CoreData.framework */; };
		14FB16071931F85000021E7F /* InfoPlist.strings in Resources */ = {isa = PBXBuildFile; fileRef = 14FB16051931F85000021E7F /* InfoPlist.strings */; };
		14FB16091931F85000021E7F /* napaTests.m in Sources */ = {isa = PBXBuildFile; fileRef = 14FB16081931F85000021E7F /* napaTests.m */; };
		14FDF36819601C4C0076021A /* .travis.yml in Resources */ = {isa = PBXBuildFile; fileRef = 14FDF36719601C4C0076021A /* .travis.yml */; };
		6A2C3B216FEC4FBF87C8C4C3 /* libPods.a in Frameworks */ = {isa = PBXBuildFile; fileRef = 8222A065D0CA41A29349AD7D /* libPods.a */; };
/* End PBXBuildFile section */

/* Begin PBXContainerItemProxy section */
		14FB16001931F85000021E7F /* PBXContainerItemProxy */ = {
			isa = PBXContainerItemProxy;
			containerPortal = 14FB15C91931F85000021E7F /* Project object */;
			proxyType = 1;
			remoteGlobalIDString = 14FB15D01931F85000021E7F;
			remoteInfo = napa;
		};
/* End PBXContainerItemProxy section */

/* Begin PBXFileReference section */
		093A0DEFA34E475582DBD702 /* Pods.xcconfig */ = {isa = PBXFileReference; includeInIndex = 1; lastKnownFileType = text.xcconfig; name = Pods.xcconfig; path = Pods/Pods.xcconfig; sourceTree = "<group>"; };
		142FB1991A18FAF500A7051A /* OverlayView.swift */ = {isa = PBXFileReference; fileEncoding = 4; lastKnownFileType = sourcecode.swift; path = OverlayView.swift; sourceTree = "<group>"; };
		144DD0881A110CC300A9773A /* MapViewController.swift */ = {isa = PBXFileReference; fileEncoding = 4; lastKnownFileType = sourcecode.swift; path = MapViewController.swift; sourceTree = "<group>"; };
		1451C91C1983A7E1006610AE /* Crashlytics.framework */ = {isa = PBXFileReference; lastKnownFileType = wrapper.framework; path = Crashlytics.framework; sourceTree = "<group>"; };
		146F73CF1A0FC84800C3811B /* EmptyStateView.swift */ = {isa = PBXFileReference; fileEncoding = 4; lastKnownFileType = sourcecode.swift; path = EmptyStateView.swift; sourceTree = "<group>"; };
		146F73D21A0FC91300C3811B /* TripDigestsViewController.swift */ = {isa = PBXFileReference; fileEncoding = 4; lastKnownFileType = sourcecode.swift; path = TripDigestsViewController.swift; sourceTree = "<group>"; };
		146F73D81A0FD62600C3811B /* TripDigestCell.swift */ = {isa = PBXFileReference; fileEncoding = 4; lastKnownFileType = sourcecode.swift; path = TripDigestCell.swift; sourceTree = "<group>"; };
		14AB5ED919D9EA8F00E74649 /* AppDelegate.swift */ = {isa = PBXFileReference; fileEncoding = 4; lastKnownFileType = sourcecode.swift; path = AppDelegate.swift; sourceTree = "<group>"; };
		14B3D41D197F05EB00B01601 /* Podfile */ = {isa = PBXFileReference; fileEncoding = 4; lastKnownFileType = text; path = Podfile; sourceTree = "<group>"; xcLanguageSpecificationIdentifier = xcode.lang.ruby; };
		14FB15D11931F85000021E7F /* napa.app */ = {isa = PBXFileReference; explicitFileType = wrapper.application; includeInIndex = 0; path = napa.app; sourceTree = BUILT_PRODUCTS_DIR; };
		14FB15D41931F85000021E7F /* Foundation.framework */ = {isa = PBXFileReference; lastKnownFileType = wrapper.framework; name = Foundation.framework; path = System/Library/Frameworks/Foundation.framework; sourceTree = SDKROOT; };
		14FB15D61931F85000021E7F /* CoreGraphics.framework */ = {isa = PBXFileReference; lastKnownFileType = wrapper.framework; name = CoreGraphics.framework; path = System/Library/Frameworks/CoreGraphics.framework; sourceTree = SDKROOT; };
		14FB15D81931F85000021E7F /* UIKit.framework */ = {isa = PBXFileReference; lastKnownFileType = wrapper.framework; name = UIKit.framework; path = System/Library/Frameworks/UIKit.framework; sourceTree = SDKROOT; };
		14FB15DA1931F85000021E7F /* CoreData.framework */ = {isa = PBXFileReference; lastKnownFileType = wrapper.framework; name = CoreData.framework; path = System/Library/Frameworks/CoreData.framework; sourceTree = SDKROOT; };
		14FB15DE1931F85000021E7F /* napa-Info.plist */ = {isa = PBXFileReference; lastKnownFileType = text.plist.xml; path = "napa-Info.plist"; sourceTree = "<group>"; };
		14FB15E91931F85000021E7F /* Base */ = {isa = PBXFileReference; lastKnownFileType = file.storyboard; name = Base; path = Base.lproj/Main.storyboard; sourceTree = "<group>"; };
		14FB15F41931F85000021E7F /* Images.xcassets */ = {isa = PBXFileReference; lastKnownFileType = folder.assetcatalog; path = Images.xcassets; sourceTree = "<group>"; };
		14FB15FA1931F85000021E7F /* napaTests.xctest */ = {isa = PBXFileReference; explicitFileType = wrapper.cfbundle; includeInIndex = 0; path = napaTests.xctest; sourceTree = BUILT_PRODUCTS_DIR; };
		14FB15FB1931F85000021E7F /* XCTest.framework */ = {isa = PBXFileReference; lastKnownFileType = wrapper.framework; name = XCTest.framework; path = Library/Frameworks/XCTest.framework; sourceTree = DEVELOPER_DIR; };
		14FB16041931F85000021E7F /* napaTests-Info.plist */ = {isa = PBXFileReference; lastKnownFileType = text.plist.xml; path = "napaTests-Info.plist"; sourceTree = "<group>"; };
		14FB16061931F85000021E7F /* en */ = {isa = PBXFileReference; lastKnownFileType = text.plist.strings; name = en; path = en.lproj/InfoPlist.strings; sourceTree = "<group>"; };
		14FB16081931F85000021E7F /* napaTests.m */ = {isa = PBXFileReference; lastKnownFileType = sourcecode.c.objc; path = napaTests.m; sourceTree = "<group>"; };
		14FDF36719601C4C0076021A /* .travis.yml */ = {isa = PBXFileReference; fileEncoding = 4; lastKnownFileType = text; path = .travis.yml; sourceTree = SOURCE_ROOT; };
		8222A065D0CA41A29349AD7D /* libPods.a */ = {isa = PBXFileReference; explicitFileType = archive.ar; includeInIndex = 0; path = libPods.a; sourceTree = BUILT_PRODUCTS_DIR; };
/* End PBXFileReference section */

/* Begin PBXFrameworksBuildPhase section */
		14FB15CE1931F85000021E7F /* Frameworks */ = {
			isa = PBXFrameworksBuildPhase;
			buildActionMask = 2147483647;
			files = (
				14FB15D71931F85000021E7F /* CoreGraphics.framework in Frameworks */,
				14FB15DB1931F85000021E7F /* CoreData.framework in Frameworks */,
				14FB15D91931F85000021E7F /* UIKit.framework in Frameworks */,
				14FB15D51931F85000021E7F /* Foundation.framework in Frameworks */,
				1451C91D1983A7E1006610AE /* Crashlytics.framework in Frameworks */,
				6A2C3B216FEC4FBF87C8C4C3 /* libPods.a in Frameworks */,
			);
			runOnlyForDeploymentPostprocessing = 0;
		};
		14FB15F71931F85000021E7F /* Frameworks */ = {
			isa = PBXFrameworksBuildPhase;
			buildActionMask = 2147483647;
			files = (
				14FB15FC1931F85000021E7F /* XCTest.framework in Frameworks */,
				14FB15FF1931F85000021E7F /* CoreData.framework in Frameworks */,
				14FB15FE1931F85000021E7F /* UIKit.framework in Frameworks */,
				14FB15FD1931F85000021E7F /* Foundation.framework in Frameworks */,
			);
			runOnlyForDeploymentPostprocessing = 0;
		};
/* End PBXFrameworksBuildPhase section */

/* Begin PBXGroup section */
		14FB15C81931F85000021E7F = {
			isa = PBXGroup;
			children = (
				14B3D41D197F05EB00B01601 /* Podfile */,
				14FDF36719601C4C0076021A /* .travis.yml */,
				14FB15DC1931F85000021E7F /* napa */,
				14FB16021931F85000021E7F /* napaTests */,
				14FB15D31931F85000021E7F /* Frameworks */,
				14FB15D21931F85000021E7F /* Products */,
				093A0DEFA34E475582DBD702 /* Pods.xcconfig */,
			);
			sourceTree = "<group>";
		};
		14FB15D21931F85000021E7F /* Products */ = {
			isa = PBXGroup;
			children = (
				14FB15D11931F85000021E7F /* napa.app */,
				14FB15FA1931F85000021E7F /* napaTests.xctest */,
			);
			name = Products;
			sourceTree = "<group>";
		};
		14FB15D31931F85000021E7F /* Frameworks */ = {
			isa = PBXGroup;
			children = (
				1451C91C1983A7E1006610AE /* Crashlytics.framework */,
				14FB15D41931F85000021E7F /* Foundation.framework */,
				14FB15D61931F85000021E7F /* CoreGraphics.framework */,
				14FB15D81931F85000021E7F /* UIKit.framework */,
				14FB15DA1931F85000021E7F /* CoreData.framework */,
				14FB15FB1931F85000021E7F /* XCTest.framework */,
				8222A065D0CA41A29349AD7D /* libPods.a */,
			);
			name = Frameworks;
			sourceTree = "<group>";
		};
		14FB15DC1931F85000021E7F /* napa */ = {
			isa = PBXGroup;
			children = (
				14FB16151931FD0E00021E7F /* Classes */,
				14FB15E81931F85000021E7F /* Main.storyboard */,
				14FB15F41931F85000021E7F /* Images.xcassets */,
				14FB15DD1931F85000021E7F /* Supporting Files */,
			);
			path = napa;
			sourceTree = "<group>";
		};
		14FB15DD1931F85000021E7F /* Supporting Files */ = {
			isa = PBXGroup;
			children = (
				14FB15DE1931F85000021E7F /* napa-Info.plist */,
			);
			name = "Supporting Files";
			sourceTree = "<group>";
		};
		14FB16021931F85000021E7F /* napaTests */ = {
			isa = PBXGroup;
			children = (
				14FB16081931F85000021E7F /* napaTests.m */,
				14FB16031931F85000021E7F /* Supporting Files */,
			);
			path = napaTests;
			sourceTree = "<group>";
		};
		14FB16031931F85000021E7F /* Supporting Files */ = {
			isa = PBXGroup;
			children = (
				14FB16041931F85000021E7F /* napaTests-Info.plist */,
				14FB16051931F85000021E7F /* InfoPlist.strings */,
			);
			name = "Supporting Files";
			sourceTree = "<group>";
		};
		14FB16151931FD0E00021E7F /* Classes */ = {
			isa = PBXGroup;
			children = (
				14AB5ED919D9EA8F00E74649 /* AppDelegate.swift */,
				146F73D21A0FC91300C3811B /* TripDigestsViewController.swift */,
				146F73CF1A0FC84800C3811B /* EmptyStateView.swift */,
				146F73D81A0FD62600C3811B /* TripDigestCell.swift */,
				144DD0881A110CC300A9773A /* MapViewController.swift */,
				142FB1991A18FAF500A7051A /* OverlayView.swift */,
			);
			name = Classes;
			sourceTree = "<group>";
		};
/* End PBXGroup section */

/* Begin PBXNativeTarget section */
		14FB15D01931F85000021E7F /* napa */ = {
			isa = PBXNativeTarget;
			buildConfigurationList = 14FB160C1931F85000021E7F /* Build configuration list for PBXNativeTarget "napa" */;
			buildPhases = (
				4FC58F0E2B3B4F68AF45BD72 /* Check Pods Manifest.lock */,
				14FB15CD1931F85000021E7F /* Sources */,
				14FB15CE1931F85000021E7F /* Frameworks */,
				14FB15CF1931F85000021E7F /* Resources */,
				4AA3BC1A14C34A66B77F268D /* Copy Pods Resources */,
				1451C91B1983A78F006610AE /* ShellScript */,
			);
			buildRules = (
			);
			dependencies = (
			);
			name = napa;
			productName = napa;
			productReference = 14FB15D11931F85000021E7F /* napa.app */;
			productType = "com.apple.product-type.application";
		};
		14FB15F91931F85000021E7F /* napaTests */ = {
			isa = PBXNativeTarget;
			buildConfigurationList = 14FB160F1931F85000021E7F /* Build configuration list for PBXNativeTarget "napaTests" */;
			buildPhases = (
				14FB15F61931F85000021E7F /* Sources */,
				14FB15F71931F85000021E7F /* Frameworks */,
				14FB15F81931F85000021E7F /* Resources */,
			);
			buildRules = (
			);
			dependencies = (
				14FB16011931F85000021E7F /* PBXTargetDependency */,
			);
			name = napaTests;
			productName = napaTests;
			productReference = 14FB15FA1931F85000021E7F /* napaTests.xctest */;
			productType = "com.apple.product-type.bundle.unit-test";
		};
/* End PBXNativeTarget section */

/* Begin PBXProject section */
		14FB15C91931F85000021E7F /* Project object */ = {
			isa = PBXProject;
			attributes = {
				LastUpgradeCheck = 0510;
				ORGANIZATIONNAME = "Remy Jourde";
				TargetAttributes = {
					14FB15F91931F85000021E7F = {
						TestTargetID = 14FB15D01931F85000021E7F;
					};
				};
			};
			buildConfigurationList = 14FB15CC1931F85000021E7F /* Build configuration list for PBXProject "napa" */;
			compatibilityVersion = "Xcode 3.2";
			developmentRegion = English;
			hasScannedForEncodings = 0;
			knownRegions = (
				en,
				Base,
			);
			mainGroup = 14FB15C81931F85000021E7F;
			productRefGroup = 14FB15D21931F85000021E7F /* Products */;
			projectDirPath = "";
			projectRoot = "";
			targets = (
				14FB15D01931F85000021E7F /* napa */,
				14FB15F91931F85000021E7F /* napaTests */,
			);
		};
/* End PBXProject section */

/* Begin PBXResourcesBuildPhase section */
		14FB15CF1931F85000021E7F /* Resources */ = {
			isa = PBXResourcesBuildPhase;
			buildActionMask = 2147483647;
			files = (
				14B3D41E197F05EB00B01601 /* Podfile in Resources */,
				14FB15F51931F85000021E7F /* Images.xcassets in Resources */,
				14FDF36819601C4C0076021A /* .travis.yml in Resources */,
				14FB15EA1931F85000021E7F /* Main.storyboard in Resources */,
			);
			runOnlyForDeploymentPostprocessing = 0;
		};
		14FB15F81931F85000021E7F /* Resources */ = {
			isa = PBXResourcesBuildPhase;
			buildActionMask = 2147483647;
			files = (
				14FB16071931F85000021E7F /* InfoPlist.strings in Resources */,
			);
			runOnlyForDeploymentPostprocessing = 0;
		};
/* End PBXResourcesBuildPhase section */

/* Begin PBXShellScriptBuildPhase section */
		1451C91B1983A78F006610AE /* ShellScript */ = {
			isa = PBXShellScriptBuildPhase;
			buildActionMask = 2147483647;
			files = (
			);
			inputPaths = (
			);
			outputPaths = (
			);
			runOnlyForDeploymentPostprocessing = 0;
			shellPath = /bin/sh;
			shellScript = "./Crashlytics.framework/run 4085d67bba35160ce0438f0ad3b251a9eee8334d fd341f20e4ac938687d300b9c06c6c2d19e2fdd0abd4eba33fb42a133a178ce1";
		};
		4AA3BC1A14C34A66B77F268D /* Copy Pods Resources */ = {
			isa = PBXShellScriptBuildPhase;
			buildActionMask = 2147483647;
			files = (
			);
			inputPaths = (
			);
			name = "Copy Pods Resources";
			outputPaths = (
			);
			runOnlyForDeploymentPostprocessing = 0;
			shellPath = /bin/sh;
			shellScript = "\"${SRCROOT}/Pods/Pods-resources.sh\"\n";
			showEnvVarsInLog = 0;
		};
		4FC58F0E2B3B4F68AF45BD72 /* Check Pods Manifest.lock */ = {
			isa = PBXShellScriptBuildPhase;
			buildActionMask = 2147483647;
			files = (
			);
			inputPaths = (
			);
			name = "Check Pods Manifest.lock";
			outputPaths = (
			);
			runOnlyForDeploymentPostprocessing = 0;
			shellPath = /bin/sh;
			shellScript = "diff \"${PODS_ROOT}/../Podfile.lock\" \"${PODS_ROOT}/Manifest.lock\" > /dev/null\nif [[ $? != 0 ]] ; then\n    cat << EOM\nerror: The sandbox is not in sync with the Podfile.lock. Run 'pod install' or update your CocoaPods installation.\nEOM\n    exit 1\nfi\n";
			showEnvVarsInLog = 0;
		};
/* End PBXShellScriptBuildPhase section */

/* Begin PBXSourcesBuildPhase section */
		14FB15CD1931F85000021E7F /* Sources */ = {
			isa = PBXSourcesBuildPhase;
			buildActionMask = 2147483647;
			files = (
				146F73D01A0FC84800C3811B /* EmptyStateView.swift in Sources */,
				146F73D91A0FD62600C3811B /* TripDigestCell.swift in Sources */,
				14AB5EDA19D9EA8F00E74649 /* AppDelegate.swift in Sources */,
				142FB19A1A18FAF500A7051A /* OverlayView.swift in Sources */,
				144DD0891A110CC300A9773A /* MapViewController.swift in Sources */,
				146F73D31A0FC91300C3811B /* TripDigestsViewController.swift in Sources */,
			);
			runOnlyForDeploymentPostprocessing = 0;
		};
		14FB15F61931F85000021E7F /* Sources */ = {
			isa = PBXSourcesBuildPhase;
			buildActionMask = 2147483647;
			files = (
				14FB16091931F85000021E7F /* napaTests.m in Sources */,
			);
			runOnlyForDeploymentPostprocessing = 0;
		};
/* End PBXSourcesBuildPhase section */

/* Begin PBXTargetDependency section */
		14FB16011931F85000021E7F /* PBXTargetDependency */ = {
			isa = PBXTargetDependency;
			target = 14FB15D01931F85000021E7F /* napa */;
			targetProxy = 14FB16001931F85000021E7F /* PBXContainerItemProxy */;
		};
/* End PBXTargetDependency section */

/* Begin PBXVariantGroup section */
		14FB15E81931F85000021E7F /* Main.storyboard */ = {
			isa = PBXVariantGroup;
			children = (
				14FB15E91931F85000021E7F /* Base */,
			);
			name = Main.storyboard;
			sourceTree = "<group>";
		};
		14FB16051931F85000021E7F /* InfoPlist.strings */ = {
			isa = PBXVariantGroup;
			children = (
				14FB16061931F85000021E7F /* en */,
			);
			name = InfoPlist.strings;
			sourceTree = "<group>";
		};
/* End PBXVariantGroup section */

/* Begin XCBuildConfiguration section */
		14FB160A1931F85000021E7F /* Debug */ = {
			isa = XCBuildConfiguration;
			buildSettings = {
				ALWAYS_SEARCH_USER_PATHS = NO;
				CLANG_CXX_LANGUAGE_STANDARD = "gnu++0x";
				CLANG_CXX_LIBRARY = "libc++";
				CLANG_ENABLE_MODULES = YES;
				CLANG_ENABLE_OBJC_ARC = YES;
				CLANG_WARN_BOOL_CONVERSION = YES;
				CLANG_WARN_CONSTANT_CONVERSION = YES;
				CLANG_WARN_DIRECT_OBJC_ISA_USAGE = YES_ERROR;
				CLANG_WARN_EMPTY_BODY = YES;
				CLANG_WARN_ENUM_CONVERSION = YES;
				CLANG_WARN_INT_CONVERSION = YES;
				CLANG_WARN_OBJC_ROOT_CLASS = YES_ERROR;
				CLANG_WARN__DUPLICATE_METHOD_MATCH = YES;
				"CODE_SIGN_IDENTITY[sdk=iphoneos*]" = "iPhone Developer";
				COPY_PHASE_STRIP = NO;
				GCC_C_LANGUAGE_STANDARD = gnu99;
				GCC_DYNAMIC_NO_PIC = NO;
				GCC_OPTIMIZATION_LEVEL = 0;
				GCC_PREPROCESSOR_DEFINITIONS = (
					"DEBUG=1",
					"$(inherited)",
				);
				GCC_SYMBOLS_PRIVATE_EXTERN = NO;
				GCC_WARN_64_TO_32_BIT_CONVERSION = YES;
				GCC_WARN_ABOUT_RETURN_TYPE = YES_ERROR;
				GCC_WARN_UNDECLARED_SELECTOR = YES;
				GCC_WARN_UNINITIALIZED_AUTOS = YES_AGGRESSIVE;
				GCC_WARN_UNUSED_FUNCTION = YES;
				GCC_WARN_UNUSED_VARIABLE = YES;
				IPHONEOS_DEPLOYMENT_TARGET = 7.1;
				ONLY_ACTIVE_ARCH = YES;
				SDKROOT = iphoneos;
			};
			name = Debug;
		};
		14FB160B1931F85000021E7F /* Release */ = {
			isa = XCBuildConfiguration;
			buildSettings = {
				ALWAYS_SEARCH_USER_PATHS = NO;
				CLANG_CXX_LANGUAGE_STANDARD = "gnu++0x";
				CLANG_CXX_LIBRARY = "libc++";
				CLANG_ENABLE_MODULES = YES;
				CLANG_ENABLE_OBJC_ARC = YES;
				CLANG_WARN_BOOL_CONVERSION = YES;
				CLANG_WARN_CONSTANT_CONVERSION = YES;
				CLANG_WARN_DIRECT_OBJC_ISA_USAGE = YES_ERROR;
				CLANG_WARN_EMPTY_BODY = YES;
				CLANG_WARN_ENUM_CONVERSION = YES;
				CLANG_WARN_INT_CONVERSION = YES;
				CLANG_WARN_OBJC_ROOT_CLASS = YES_ERROR;
				CLANG_WARN__DUPLICATE_METHOD_MATCH = YES;
				"CODE_SIGN_IDENTITY[sdk=iphoneos*]" = "iPhone Developer";
				COPY_PHASE_STRIP = YES;
				ENABLE_NS_ASSERTIONS = NO;
				GCC_C_LANGUAGE_STANDARD = gnu99;
				GCC_WARN_64_TO_32_BIT_CONVERSION = YES;
				GCC_WARN_ABOUT_RETURN_TYPE = YES_ERROR;
				GCC_WARN_UNDECLARED_SELECTOR = YES;
				GCC_WARN_UNINITIALIZED_AUTOS = YES_AGGRESSIVE;
				GCC_WARN_UNUSED_FUNCTION = YES;
				GCC_WARN_UNUSED_VARIABLE = YES;
				IPHONEOS_DEPLOYMENT_TARGET = 7.1;
				SDKROOT = iphoneos;
				VALIDATE_PRODUCT = YES;
			};
			name = Release;
		};
		14FB160D1931F85000021E7F /* Debug */ = {
			isa = XCBuildConfiguration;
			baseConfigurationReference = 093A0DEFA34E475582DBD702 /* Pods.xcconfig */;
			buildSettings = {
				ASSETCATALOG_COMPILER_APPICON_NAME = AppIcon;
				ASSETCATALOG_COMPILER_LAUNCHIMAGE_NAME = LaunchImage;
				CLANG_ENABLE_MODULES = YES;
				FRAMEWORK_SEARCH_PATHS = (
					"$(inherited)",
					"$(PROJECT_DIR)",
				);
				GCC_PRECOMPILE_PREFIX_HEADER = YES;
				GCC_PREFIX_HEADER = "napa/napa-Prefix.pch";
				INFOPLIST_FILE = "napa/napa-Info.plist";
				LD_RUNPATH_SEARCH_PATHS = "$(inherited) @executable_path/Frameworks";
				PRODUCT_NAME = "$(TARGET_NAME)";
				SWIFT_OPTIMIZATION_LEVEL = "-Onone";
				WRAPPER_EXTENSION = app;
			};
			name = Debug;
		};
		14FB160E1931F85000021E7F /* Release */ = {
			isa = XCBuildConfiguration;
			baseConfigurationReference = 093A0DEFA34E475582DBD702 /* Pods.xcconfig */;
			buildSettings = {
				ASSETCATALOG_COMPILER_APPICON_NAME = AppIcon;
				ASSETCATALOG_COMPILER_LAUNCHIMAGE_NAME = LaunchImage;
				CLANG_ENABLE_MODULES = YES;
				FRAMEWORK_SEARCH_PATHS = (
					"$(inherited)",
					"$(PROJECT_DIR)",
				);
				GCC_PRECOMPILE_PREFIX_HEADER = YES;
				GCC_PREFIX_HEADER = "napa/napa-Prefix.pch";
				INFOPLIST_FILE = "napa/napa-Info.plist";
				LD_RUNPATH_SEARCH_PATHS = "$(inherited) @executable_path/Frameworks";
				PRODUCT_NAME = "$(TARGET_NAME)";
				WRAPPER_EXTENSION = app;
			};
			name = Release;
		};
		14FB16101931F85000021E7F /* Debug */ = {
			isa = XCBuildConfiguration;
			buildSettings = {
				BUNDLE_LOADER = "$(BUILT_PRODUCTS_DIR)/napa.app/napa";
				FRAMEWORK_SEARCH_PATHS = (
					"$(SDKROOT)/Developer/Library/Frameworks",
					"$(inherited)",
					"$(DEVELOPER_FRAMEWORKS_DIR)",
				);
				GCC_PRECOMPILE_PREFIX_HEADER = YES;
				GCC_PREFIX_HEADER = "napa/napa-Prefix.pch";
				GCC_PREPROCESSOR_DEFINITIONS = (
					"DEBUG=1",
					"$(inherited)",
				);
				INFOPLIST_FILE = "napaTests/napaTests-Info.plist";
				PRODUCT_NAME = "$(TARGET_NAME)";
				TEST_HOST = "$(BUNDLE_LOADER)";
				WRAPPER_EXTENSION = xctest;
			};
			name = Debug;
		};
		14FB16111931F85000021E7F /* Release */ = {
			isa = XCBuildConfiguration;
			buildSettings = {
				BUNDLE_LOADER = "$(BUILT_PRODUCTS_DIR)/napa.app/napa";
				FRAMEWORK_SEARCH_PATHS = (
					"$(SDKROOT)/Developer/Library/Frameworks",
					"$(inherited)",
					"$(DEVELOPER_FRAMEWORKS_DIR)",
				);
				GCC_PRECOMPILE_PREFIX_HEADER = YES;
				GCC_PREFIX_HEADER = "napa/napa-Prefix.pch";
				INFOPLIST_FILE = "napaTests/napaTests-Info.plist";
				PRODUCT_NAME = "$(TARGET_NAME)";
				TEST_HOST = "$(BUNDLE_LOADER)";
				WRAPPER_EXTENSION = xctest;
			};
			name = Release;
		};
/* End XCBuildConfiguration section */

/* Begin XCConfigurationList section */
		14FB15CC1931F85000021E7F /* Build configuration list for PBXProject "napa" */ = {
			isa = XCConfigurationList;
			buildConfigurations = (
				14FB160A1931F85000021E7F /* Debug */,
				14FB160B1931F85000021E7F /* Release */,
			);
			defaultConfigurationIsVisible = 0;
			defaultConfigurationName = Release;
		};
		14FB160C1931F85000021E7F /* Build configuration list for PBXNativeTarget "napa" */ = {
			isa = XCConfigurationList;
			buildConfigurations = (
				14FB160D1931F85000021E7F /* Debug */,
				14FB160E1931F85000021E7F /* Release */,
			);
			defaultConfigurationIsVisible = 0;
			defaultConfigurationName = Release;
		};
		14FB160F1931F85000021E7F /* Build configuration list for PBXNativeTarget "napaTests" */ = {
			isa = XCConfigurationList;
			buildConfigurations = (
				14FB16101931F85000021E7F /* Debug */,
				14FB16111931F85000021E7F /* Release */,
			);
			defaultConfigurationIsVisible = 0;
			defaultConfigurationName = Release;
		};
/* End XCConfigurationList section */
	};
	rootObject = 14FB15C91931F85000021E7F /* Project object */;
}
